
Microsoft Visual Studio Solution File, Format Version 12.00
# Visual Studio Version 16
VisualStudioVersion = 16.0.29613.14
MinimumVisualStudioVersion = 10.0.40219.1
Project("{F184B08F-C81C-45F6-A57F-5ABD9991F28F}") = "File_Handling", "File_Handling\File_Handling.vbproj", "{12C942CD-644C-44DD-A500-78BB0D9FF2FD}"
EndProject
Global
	GlobalSection(SolutionConfigurationPlatforms) = preSolution
		Debug|Any CPU = Debug|Any CPU
		Release|Any CPU = Release|Any CPU
	EndGlobalSection
	GlobalSection(ProjectConfigurationPlatforms) = postSolution
		{12C942CD-644C-44DD-A500-78BB0D9FF2FD}.Debug|Any CPU.ActiveCfg = Debug|Any CPU
		{12C942CD-644C-44DD-A500-78BB0D9FF2FD}.Debug|Any CPU.Build.0 = Debug|Any CPU
		{12C942CD-644C-44DD-A500-78BB0D9FF2FD}.Release|Any CPU.ActiveCfg = Release|Any CPU
		{12C942CD-644C-44DD-A500-78BB0D9FF2FD}.Release|Any CPU.Build.0 = Release|Any CPU
	EndGlobalSection
	GlobalSection(SolutionProperties) = preSolution
		HideSolutionNode = FALSE
	EndGlobalSection
	GlobalSection(ExtensibilityGlobals) = postSolution
		SolutionGuid = {C6B7035C-E0B6-447D-B47F-504FB1E77917}
	EndGlobalSection
EndGlobal
